
Microsoft Visual Studio Solution File, Format Version 12.00
# Visual Studio Version 17
VisualStudioVersion = 17.3.32901.215
MinimumVisualStudioVersion = 10.0.40219.1
Project("{FAE04EC0-301F-11D3-BF4B-00C04F79EFBC}") = "BilgeKoleji_Updated", "BilgeKoleji_Updated\BilgeKoleji_Updated.csproj", "{5DCA0562-B9D5-4B55-B530-EA2CF1150170}"
EndProject
Global
	GlobalSection(SolutionConfigurationPlatforms) = preSolution
		Debug|Any CPU = Debug|Any CPU
		Release|Any CPU = Release|Any CPU
	EndGlobalSection
	GlobalSection(ProjectConfigurationPlatforms) = postSolution
		{5DCA0562-B9D5-4B55-B530-EA2CF1150170}.Debug|Any CPU.ActiveCfg = Debug|Any CPU
		{5DCA0562-B9D5-4B55-B530-EA2CF1150170}.Debug|Any CPU.Build.0 = Debug|Any CPU
		{5DCA0562-B9D5-4B55-B530-EA2CF1150170}.Release|Any CPU.ActiveCfg = Release|Any CPU
		{5DCA0562-B9D5-4B55-B530-EA2CF1150170}.Release|Any CPU.Build.0 = Release|Any CPU
	EndGlobalSection
	GlobalSection(SolutionProperties) = preSolution
		HideSolutionNode = FALSE
	EndGlobalSection
	GlobalSection(ExtensibilityGlobals) = postSolution
		SolutionGuid = {F323648D-EF96-44A1-81DB-A56F845EA493}
	EndGlobalSection
EndGlobal
